
Microsoft Visual Studio Solution File, Format Version 12.00
# Visual Studio Version 17
VisualStudioVersion = 17.0.31903.59
MinimumVisualStudioVersion = 10.0.40219.1
Project("{FAE04EC0-301F-11D3-BF4B-00C04F79EFBC}") = "ExpenseIncomeTracker.Domain", "ExpenseIncomeTracker.Domain\ExpenseIncomeTracker.Domain.csproj", "{DCBC8605-C403-466E-ACC6-C446B56052A6}"
EndProject
Project("{FAE04EC0-301F-11D3-BF4B-00C04F79EFBC}") = "ExpenseIncomeTracker.Application", "ExpenseIncomeTracker.Application\ExpenseIncomeTracker.Application.csproj", "{2A5C7EE6-B2D8-459C-BBF1-120599ECA7D3}"
EndProject
Project("{FAE04EC0-301F-11D3-BF4B-00C04F79EFBC}") = "ExpenseIncomeTracker.Infrastructure", "ExpenseIncomeTracker.Infrastructure\ExpenseIncomeTracker.Infrastructure.csproj", "{4D1F99F1-F76A-485E-856F-642A4205F1D3}"
EndProject
Project("{FAE04EC0-301F-11D3-BF4B-00C04F79EFBC}") = "ExpenseIncomeTracker.Web", "ExpenseIncomeTracker.Web\ExpenseIncomeTracker.Web.csproj", "{AC1E1771-359D-4340-B785-64563590E2A6}"
EndProject
Global
	GlobalSection(SolutionConfigurationPlatforms) = preSolution
		Debug|Any CPU = Debug|Any CPU
		Debug|x64 = Debug|x64
		Debug|x86 = Debug|x86
		Release|Any CPU = Release|Any CPU
		Release|x64 = Release|x64
		Release|x86 = Release|x86
	EndGlobalSection
	GlobalSection(ProjectConfigurationPlatforms) = postSolution
		{DCBC8605-C403-466E-ACC6-C446B56052A6}.Debug|Any CPU.ActiveCfg = Debug|Any CPU
		{DCBC8605-C403-466E-ACC6-C446B56052A6}.Debug|Any CPU.Build.0 = Debug|Any CPU
		{DCBC8605-C403-466E-ACC6-C446B56052A6}.Debug|x64.ActiveCfg = Debug|Any CPU
		{DCBC8605-C403-466E-ACC6-C446B56052A6}.Debug|x64.Build.0 = Debug|Any CPU
		{DCBC8605-C403-466E-ACC6-C446B56052A6}.Debug|x86.ActiveCfg = Debug|Any CPU
		{DCBC8605-C403-466E-ACC6-C446B56052A6}.Debug|x86.Build.0 = Debug|Any CPU
		{DCBC8605-C403-466E-ACC6-C446B56052A6}.Release|Any CPU.ActiveCfg = Release|Any CPU
		{DCBC8605-C403-466E-ACC6-C446B56052A6}.Release|Any CPU.Build.0 = Release|Any CPU
		{DCBC8605-C403-466E-ACC6-C446B56052A6}.Release|x64.ActiveCfg = Release|Any CPU
		{DCBC8605-C403-466E-ACC6-C446B56052A6}.Release|x64.Build.0 = Release|Any CPU
		{DCBC8605-C403-466E-ACC6-C446B56052A6}.Release|x86.ActiveCfg = Release|Any CPU
		{DCBC8605-C403-466E-ACC6-C446B56052A6}.Release|x86.Build.0 = Release|Any CPU
		{2A5C7EE6-B2D8-459C-BBF1-120599ECA7D3}.Debug|Any CPU.ActiveCfg = Debug|Any CPU
		{2A5C7EE6-B2D8-459C-BBF1-120599ECA7D3}.Debug|Any CPU.Build.0 = Debug|Any CPU
		{2A5C7EE6-B2D8-459C-BBF1-120599ECA7D3}.Debug|x64.ActiveCfg = Debug|Any CPU
		{2A5C7EE6-B2D8-459C-BBF1-120599ECA7D3}.Debug|x64.Build.0 = Debug|Any CPU
		{2A5C7EE6-B2D8-459C-BBF1-120599ECA7D3}.Debug|x86.ActiveCfg = Debug|Any CPU
		{2A5C7EE6-B2D8-459C-BBF1-120599ECA7D3}.Debug|x86.Build.0 = Debug|Any CPU
		{2A5C7EE6-B2D8-459C-BBF1-120599ECA7D3}.Release|Any CPU.ActiveCfg = Release|Any CPU
		{2A5C7EE6-B2D8-459C-BBF1-120599ECA7D3}.Release|Any CPU.Build.0 = Release|Any CPU
		{2A5C7EE6-B2D8-459C-BBF1-120599ECA7D3}.Release|x64.ActiveCfg = Release|Any CPU
		{2A5C7EE6-B2D8-459C-BBF1-120599ECA7D3}.Release|x64.Build.0 = Release|Any CPU
		{2A5C7EE6-B2D8-459C-BBF1-120599ECA7D3}.Release|x86.ActiveCfg = Release|Any CPU
		{2A5C7EE6-B2D8-459C-BBF1-120599ECA7D3}.Release|x86.Build.0 = Release|Any CPU
		{4D1F99F1-F76A-485E-856F-642A4205F1D3}.Debug|Any CPU.ActiveCfg = Debug|Any CPU
		{4D1F99F1-F76A-485E-856F-642A4205F1D3}.Debug|Any CPU.Build.0 = Debug|Any CPU
		{4D1F99F1-F76A-485E-856F-642A4205F1D3}.Debug|x64.ActiveCfg = Debug|Any CPU
		{4D1F99F1-F76A-485E-856F-642A4205F1D3}.Debug|x64.Build.0 = Debug|Any CPU
		{4D1F99F1-F76A-485E-856F-642A4205F1D3}.Debug|x86.ActiveCfg = Debug|Any CPU
		{4D1F99F1-F76A-485E-856F-642A4205F1D3}.Debug|x86.Build.0 = Debug|Any CPU
		{4D1F99F1-F76A-485E-856F-642A4205F1D3}.Release|Any CPU.ActiveCfg = Release|Any CPU
		{4D1F99F1-F76A-485E-856F-642A4205F1D3}.Release|Any CPU.Build.0 = Release|Any CPU
		{4D1F99F1-F76A-485E-856F-642A4205F1D3}.Release|x64.ActiveCfg = Release|Any CPU
		{4D1F99F1-F76A-485E-856F-642A4205F1D3}.Release|x64.Build.0 = Release|Any CPU
		{4D1F99F1-F76A-485E-856F-642A4205F1D3}.Release|x86.ActiveCfg = Release|Any CPU
		{4D1F99F1-F76A-485E-856F-642A4205F1D3}.Release|x86.Build.0 = Release|Any CPU
		{AC1E1771-359D-4340-B785-64563590E2A6}.Debug|Any CPU.ActiveCfg = Debug|Any CPU
		{AC1E1771-359D-4340-B785-64563590E2A6}.Debug|Any CPU.Build.0 = Debug|Any CPU
		{AC1E1771-359D-4340-B785-64563590E2A6}.Debug|x64.ActiveCfg = Debug|Any CPU
		{AC1E1771-359D-4340-B785-64563590E2A6}.Debug|x64.Build.0 = Debug|Any CPU
		{AC1E1771-359D-4340-B785-64563590E2A6}.Debug|x86.ActiveCfg = Debug|Any CPU
		{AC1E1771-359D-4340-B785-64563590E2A6}.Debug|x86.Build.0 = Debug|Any CPU
		{AC1E1771-359D-4340-B785-64563590E2A6}.Release|Any CPU.ActiveCfg = Release|Any CPU
		{AC1E1771-359D-4340-B785-64563590E2A6}.Release|Any CPU.Build.0 = Release|Any CPU
		{AC1E1771-359D-4340-B785-64563590E2A6}.Release|x64.ActiveCfg = Release|Any CPU
		{AC1E1771-359D-4340-B785-64563590E2A6}.Release|x64.Build.0 = Release|Any CPU
		{AC1E1771-359D-4340-B785-64563590E2A6}.Release|x86.ActiveCfg = Release|Any CPU
		{AC1E1771-359D-4340-B785-64563590E2A6}.Release|x86.Build.0 = Release|Any CPU
	EndGlobalSection
	GlobalSection(SolutionProperties) = preSolution
		HideSolutionNode = FALSE
	EndGlobalSection
EndGlobal
